// !$*UTF8*$!
{
	archiveVersion = 1;
	classes = {
	};
	objectVersion = 55;
	objects = {

/* Begin PBXBuildFile section */
		285FB0EF27889BE3005F895F /* SettingsViewController.swift in Sources */ = {isa = PBXBuildFile; fileRef = 285FB0EE27889BE3005F895F /* SettingsViewController.swift */; };
		847248AA27884BFE00E25884 /* AppDelegate.swift in Sources */ = {isa = PBXBuildFile; fileRef = 847248A927884BFE00E25884 /* AppDelegate.swift */; };
		847248AC27884BFE00E25884 /* SceneDelegate.swift in Sources */ = {isa = PBXBuildFile; fileRef = 847248AB27884BFE00E25884 /* SceneDelegate.swift */; };
		847248AE27884BFE00E25884 /* ViewController.swift in Sources */ = {isa = PBXBuildFile; fileRef = 847248AD27884BFE00E25884 /* ViewController.swift */; };
		847248B127884BFE00E25884 /* Main.storyboard in Resources */ = {isa = PBXBuildFile; fileRef = 847248AF27884BFE00E25884 /* Main.storyboard */; };
		847248B327884C0200E25884 /* Assets.xcassets in Resources */ = {isa = PBXBuildFile; fileRef = 847248B227884C0200E25884 /* Assets.xcassets */; };
		847248B627884C0200E25884 /* LaunchScreen.storyboard in Resources */ = {isa = PBXBuildFile; fileRef = 847248B427884C0200E25884 /* LaunchScreen.storyboard */; };
		847248C7278855E800E25884 /* LabelSettings.storyboard in Resources */ = {isa = PBXBuildFile; fileRef = 847248C6278855E800E25884 /* LabelSettings.storyboard */; };
		847248C92788560200E25884 /* ViewSettings.storyboard in Resources */ = {isa = PBXBuildFile; fileRef = 847248C82788560200E25884 /* ViewSettings.storyboard */; };
/* End PBXBuildFile section */

/* Begin PBXFileReference section */
		285FB0EE27889BE3005F895F /* SettingsViewController.swift */ = {isa = PBXFileReference; lastKnownFileType = sourcecode.swift; path = SettingsViewController.swift; sourceTree = "<group>"; };
		847248A627884BFE00E25884 /* TeamApp.app */ = {isa = PBXFileReference; explicitFileType = wrapper.application; includeInIndex = 0; path = TeamApp.app; sourceTree = BUILT_PRODUCTS_DIR; };
		847248A927884BFE00E25884 /* AppDelegate.swift */ = {isa = PBXFileReference; lastKnownFileType = sourcecode.swift; path = AppDelegate.swift; sourceTree = "<group>"; };
		847248AB27884BFE00E25884 /* SceneDelegate.swift */ = {isa = PBXFileReference; lastKnownFileType = sourcecode.swift; path = SceneDelegate.swift; sourceTree = "<group>"; };
		847248AD27884BFE00E25884 /* ViewController.swift */ = {isa = PBXFileReference; lastKnownFileType = sourcecode.swift; path = ViewController.swift; sourceTree = "<group>"; };
		847248B027884BFE00E25884 /* Base */ = {isa = PBXFileReference; lastKnownFileType = file.storyboard; name = Base; path = Base.lproj/Main.storyboard; sourceTree = "<group>"; };
		847248B227884C0200E25884 /* Assets.xcassets */ = {isa = PBXFileReference; lastKnownFileType = folder.assetcatalog; path = Assets.xcassets; sourceTree = "<group>"; };
		847248B527884C0200E25884 /* Base */ = {isa = PBXFileReference; lastKnownFileType = file.storyboard; name = Base; path = Base.lproj/LaunchScreen.storyboard; sourceTree = "<group>"; };
		847248B727884C0200E25884 /* Info.plist */ = {isa = PBXFileReference; lastKnownFileType = text.plist.xml; path = Info.plist; sourceTree = "<group>"; };
		847248C6278855E800E25884 /* LabelSettings.storyboard */ = {isa = PBXFileReference; lastKnownFileType = file.storyboard; path = LabelSettings.storyboard; sourceTree = "<group>"; };
		847248C82788560200E25884 /* ViewSettings.storyboard */ = {isa = PBXFileReference; lastKnownFileType = file.storyboard; path = ViewSettings.storyboard; sourceTree = "<group>"; };
/* End PBXFileReference section */

/* Begin PBXFrameworksBuildPhase section */
		847248A327884BFE00E25884 /* Frameworks */ = {
			isa = PBXFrameworksBuildPhase;
			buildActionMask = 2147483647;
			files = (
			);
			runOnlyForDeploymentPostprocessing = 0;
		};
/* End PBXFrameworksBuildPhase section */

/* Begin PBXGroup section */
		8472489D27884BFD00E25884 = {
			isa = PBXGroup;
			children = (
				847248A827884BFE00E25884 /* TeamApp */,
				847248A727884BFE00E25884 /* Products */,
			);
			sourceTree = "<group>";
		};
		847248A727884BFE00E25884 /* Products */ = {
			isa = PBXGroup;
			children = (
				847248A627884BFE00E25884 /* TeamApp.app */,
			);
			name = Products;
			sourceTree = "<group>";
		};
		847248A827884BFE00E25884 /* TeamApp */ = {
			isa = PBXGroup;
			children = (
				847248BF27884C4E00E25884 /* SupportFiles */,
				847248C027884C5A00E25884 /* ViewControllers */,
				847248C127884C7200E25884 /* StoryBoards */,
				847248BE27884C2D00E25884 /* Resources */,
			);
			path = TeamApp;
			sourceTree = "<group>";
		};
		847248BE27884C2D00E25884 /* Resources */ = {
			isa = PBXGroup;
			children = (
				847248B227884C0200E25884 /* Assets.xcassets */,
			);
			path = Resources;
			sourceTree = "<group>";
		};
		847248BF27884C4E00E25884 /* SupportFiles */ = {
			isa = PBXGroup;
			children = (
				847248A927884BFE00E25884 /* AppDelegate.swift */,
				847248AB27884BFE00E25884 /* SceneDelegate.swift */,
				847248B727884C0200E25884 /* Info.plist */,
			);
			path = SupportFiles;
			sourceTree = "<group>";
		};
		847248C027884C5A00E25884 /* ViewControllers */ = {
			isa = PBXGroup;
			children = (
				847248AD27884BFE00E25884 /* ViewController.swift */,
				285FB0EE27889BE3005F895F /* SettingsViewController.swift */,
			);
			path = ViewControllers;
			sourceTree = "<group>";
		};
		847248C127884C7200E25884 /* StoryBoards */ = {
			isa = PBXGroup;
			children = (
				847248AF27884BFE00E25884 /* Main.storyboard */,
				847248C6278855E800E25884 /* LabelSettings.storyboard */,
				847248B427884C0200E25884 /* LaunchScreen.storyboard */,
				847248C82788560200E25884 /* ViewSettings.storyboard */,
			);
			path = StoryBoards;
			sourceTree = "<group>";
		};
/* End PBXGroup section */

/* Begin PBXNativeTarget section */
		847248A527884BFE00E25884 /* TeamApp */ = {
			isa = PBXNativeTarget;
			buildConfigurationList = 847248BA27884C0200E25884 /* Build configuration list for PBXNativeTarget "TeamApp" */;
			buildPhases = (
				847248A227884BFE00E25884 /* Sources */,
				847248A327884BFE00E25884 /* Frameworks */,
				847248A427884BFE00E25884 /* Resources */,
			);
			buildRules = (
			);
			dependencies = (
			);
			name = TeamApp;
			productName = TeamApp;
			productReference = 847248A627884BFE00E25884 /* TeamApp.app */;
			productType = "com.apple.product-type.application";
		};
/* End PBXNativeTarget section */

/* Begin PBXProject section */
		8472489E27884BFD00E25884 /* Project object */ = {
			isa = PBXProject;
			attributes = {
				BuildIndependentTargetsInParallel = 1;
				LastSwiftUpdateCheck = 1320;
				LastUpgradeCheck = 1320;
				TargetAttributes = {
					847248A527884BFE00E25884 = {
						CreatedOnToolsVersion = 13.2.1;
					};
				};
			};
			buildConfigurationList = 847248A127884BFD00E25884 /* Build configuration list for PBXProject "TeamApp" */;
			compatibilityVersion = "Xcode 13.0";
			developmentRegion = en;
			hasScannedForEncodings = 0;
			knownRegions = (
				en,
				Base,
			);
			mainGroup = 8472489D27884BFD00E25884;
			productRefGroup = 847248A727884BFE00E25884 /* Products */;
			projectDirPath = "";
			projectRoot = "";
			targets = (
				847248A527884BFE00E25884 /* TeamApp */,
			);
		};
/* End PBXProject section */

/* Begin PBXResourcesBuildPhase section */
		847248A427884BFE00E25884 /* Resources */ = {
			isa = PBXResourcesBuildPhase;
			buildActionMask = 2147483647;
			files = (
				847248C7278855E800E25884 /* LabelSettings.storyboard in Resources */,
				847248C92788560200E25884 /* ViewSettings.storyboard in Resources */,
				847248B627884C0200E25884 /* LaunchScreen.storyboard in Resources */,
				847248B327884C0200E25884 /* Assets.xcassets in Resources */,
				847248B127884BFE00E25884 /* Main.storyboard in Resources */,
			);
			runOnlyForDeploymentPostprocessing = 0;
		};
/* End PBXResourcesBuildPhase section */

/* Begin PBXSourcesBuildPhase section */
		847248A227884BFE00E25884 /* Sources */ = {
			isa = PBXSourcesBuildPhase;
			buildActionMask = 2147483647;
			files = (
				847248AE27884BFE00E25884 /* ViewController.swift in Sources */,
				847248AA27884BFE00E25884 /* AppDelegate.swift in Sources */,
				847248AC27884BFE00E25884 /* SceneDelegate.swift in Sources */,
				285FB0EF27889BE3005F895F /* SettingsViewController.swift in Sources */,
			);
			runOnlyForDeploymentPostprocessing = 0;
		};
/* End PBXSourcesBuildPhase section */

/* Begin PBXVariantGroup section */
		847248AF27884BFE00E25884 /* Main.storyboard */ = {
			isa = PBXVariantGroup;
			children = (
				847248B027884BFE00E25884 /* Base */,
			);
			name = Main.storyboard;
			sourceTree = "<group>";
		};
		847248B427884C0200E25884 /* LaunchScreen.storyboard */ = {
			isa = PBXVariantGroup;
			children = (
				847248B527884C0200E25884 /* Base */,
			);
			name = LaunchScreen.storyboard;
			sourceTree = "<group>";
		};
/* End PBXVariantGroup section */

/* Begin XCBuildConfiguration section */
		847248B827884C0200E25884 /* Debug */ = {
			isa = XCBuildConfiguration;
			buildSettings = {
				ALWAYS_SEARCH_USER_PATHS = NO;
				CLANG_ANALYZER_NONNULL = YES;
				CLANG_ANALYZER_NUMBER_OBJECT_CONVERSION = YES_AGGRESSIVE;
				CLANG_CXX_LANGUAGE_STANDARD = "gnu++17";
				CLANG_CXX_LIBRARY = "libc++";
				CLANG_ENABLE_MODULES = YES;
				CLANG_ENABLE_OBJC_ARC = YES;
				CLANG_ENABLE_OBJC_WEAK = YES;
				CLANG_WARN_BLOCK_CAPTURE_AUTORELEASING = YES;
				CLANG_WARN_BOOL_CONVERSION = YES;
				CLANG_WARN_COMMA = YES;
				CLANG_WARN_CONSTANT_CONVERSION = YES;
				CLANG_WARN_DEPRECATED_OBJC_IMPLEMENTATIONS = YES;
				CLANG_WARN_DIRECT_OBJC_ISA_USAGE = YES_ERROR;
				CLANG_WARN_DOCUMENTATION_COMMENTS = YES;
				CLANG_WARN_EMPTY_BODY = YES;
				CLANG_WARN_ENUM_CONVERSION = YES;
				CLANG_WARN_INFINITE_RECURSION = YES;
				CLANG_WARN_INT_CONVERSION = YES;
				CLANG_WARN_NON_LITERAL_NULL_CONVERSION = YES;
				CLANG_WARN_OBJC_IMPLICIT_RETAIN_SELF = YES;
				CLANG_WARN_OBJC_LITERAL_CONVERSION = YES;
				CLANG_WARN_OBJC_ROOT_CLASS = YES_ERROR;
				CLANG_WARN_QUOTED_INCLUDE_IN_FRAMEWORK_HEADER = YES;
				CLANG_WARN_RANGE_LOOP_ANALYSIS = YES;
				CLANG_WARN_STRICT_PROTOTYPES = YES;
				CLANG_WARN_SUSPICIOUS_MOVE = YES;
				CLANG_WARN_UNGUARDED_AVAILABILITY = YES_AGGRESSIVE;
				CLANG_WARN_UNREACHABLE_CODE = YES;
				CLANG_WARN__DUPLICATE_METHOD_MATCH = YES;
				COPY_PHASE_STRIP = NO;
				DEBUG_INFORMATION_FORMAT = dwarf;
				ENABLE_STRICT_OBJC_MSGSEND = YES;
				ENABLE_TESTABILITY = YES;
				GCC_C_LANGUAGE_STANDARD = gnu11;
				GCC_DYNAMIC_NO_PIC = NO;
				GCC_NO_COMMON_BLOCKS = YES;
				GCC_OPTIMIZATION_LEVEL = 0;
				GCC_PREPROCESSOR_DEFINITIONS = (
					"DEBUG=1",
					"$(inherited)",
				);
				GCC_WARN_64_TO_32_BIT_CONVERSION = YES;
				GCC_WARN_ABOUT_RETURN_TYPE = YES_ERROR;
				GCC_WARN_UNDECLARED_SELECTOR = YES;
				GCC_WARN_UNINITIALIZED_AUTOS = YES_AGGRESSIVE;
				GCC_WARN_UNUSED_FUNCTION = YES;
				GCC_WARN_UNUSED_VARIABLE = YES;
				IPHONEOS_DEPLOYMENT_TARGET = 15.2;
				MTL_ENABLE_DEBUG_INFO = INCLUDE_SOURCE;
				MTL_FAST_MATH = YES;
				ONLY_ACTIVE_ARCH = YES;
				SDKROOT = iphoneos;
				SWIFT_ACTIVE_COMPILATION_CONDITIONS = DEBUG;
				SWIFT_OPTIMIZATION_LEVEL = "-Onone";
			};
			name = Debug;
		};
		847248B927884C0200E25884 /* Release */ = {
			isa = XCBuildConfiguration;
			buildSettings = {
				ALWAYS_SEARCH_USER_PATHS = NO;
				CLANG_ANALYZER_NONNULL = YES;
				CLANG_ANALYZER_NUMBER_OBJECT_CONVERSION = YES_AGGRESSIVE;
				CLANG_CXX_LANGUAGE_STANDARD = "gnu++17";
				CLANG_CXX_LIBRARY = "libc++";
				CLANG_ENABLE_MODULES = YES;
				CLANG_ENABLE_OBJC_ARC = YES;
				CLANG_ENABLE_OBJC_WEAK = YES;
				CLANG_WARN_BLOCK_CAPTURE_AUTORELEASING = YES;
				CLANG_WARN_BOOL_CONVERSION = YES;
				CLANG_WARN_COMMA = YES;
				CLANG_WARN_CONSTANT_CONVERSION = YES;
				CLANG_WARN_DEPRECATED_OBJC_IMPLEMENTATIONS = YES;
				CLANG_WARN_DIRECT_OBJC_ISA_USAGE = YES_ERROR;
				CLANG_WARN_DOCUMENTATION_COMMENTS = YES;
				CLANG_WARN_EMPTY_BODY = YES;
				CLANG_WARN_ENUM_CONVERSION = YES;
				CLANG_WARN_INFINITE_RECURSION = YES;
				CLANG_WARN_INT_CONVERSION = YES;
				CLANG_WARN_NON_LITERAL_NULL_CONVERSION = YES;
				CLANG_WARN_OBJC_IMPLICIT_RETAIN_SELF = YES;
				CLANG_WARN_OBJC_LITERAL_CONVERSION = YES;
				CLANG_WARN_OBJC_ROOT_CLASS = YES_ERROR;
				CLANG_WARN_QUOTED_INCLUDE_IN_FRAMEWORK_HEADER = YES;
				CLANG_WARN_RANGE_LOOP_ANALYSIS = YES;
				CLANG_WARN_STRICT_PROTOTYPES = YES;
				CLANG_WARN_SUSPICIOUS_MOVE = YES;
				CLANG_WARN_UNGUARDED_AVAILABILITY = YES_AGGRESSIVE;
				CLANG_WARN_UNREACHABLE_CODE = YES;
				CLANG_WARN__DUPLICATE_METHOD_MATCH = YES;
				COPY_PHASE_STRIP = NO;
				DEBUG_INFORMATION_FORMAT = "dwarf-with-dsym";
				ENABLE_NS_ASSERTIONS = NO;
				ENABLE_STRICT_OBJC_MSGSEND = YES;
				GCC_C_LANGUAGE_STANDARD = gnu11;
				GCC_NO_COMMON_BLOCKS = YES;
				GCC_WARN_64_TO_32_BIT_CONVERSION = YES;
				GCC_WARN_ABOUT_RETURN_TYPE = YES_ERROR;
				GCC_WARN_UNDECLARED_SELECTOR = YES;
				GCC_WARN_UNINITIALIZED_AUTOS = YES_AGGRESSIVE;
				GCC_WARN_UNUSED_FUNCTION = YES;
				GCC_WARN_UNUSED_VARIABLE = YES;
				IPHONEOS_DEPLOYMENT_TARGET = 15.2;
				MTL_ENABLE_DEBUG_INFO = NO;
				MTL_FAST_MATH = YES;
				SDKROOT = iphoneos;
				SWIFT_COMPILATION_MODE = wholemodule;
				SWIFT_OPTIMIZATION_LEVEL = "-O";
				VALIDATE_PRODUCT = YES;
			};
			name = Release;
		};
		847248BB27884C0200E25884 /* Debug */ = {
			isa = XCBuildConfiguration;
			buildSettings = {
				ASSETCATALOG_COMPILER_APPICON_NAME = AppIcon;
				ASSETCATALOG_COMPILER_GLOBAL_ACCENT_COLOR_NAME = AccentColor;
				CODE_SIGN_STYLE = Automatic;
				CURRENT_PROJECT_VERSION = 1;
				GENERATE_INFOPLIST_FILE = YES;
				INFOPLIST_FILE = TeamApp/SupportFiles/Info.plist;
				INFOPLIST_KEY_UIApplicationSupportsIndirectInputEvents = YES;
				INFOPLIST_KEY_UILaunchStoryboardName = LaunchScreen;
				INFOPLIST_KEY_UIMainStoryboardFile = Main;
				INFOPLIST_KEY_UISupportedInterfaceOrientations_iPad = "UIInterfaceOrientationPortrait UIInterfaceOrientationPortraitUpsideDown UIInterfaceOrientationLandscapeLeft UIInterfaceOrientationLandscapeRight";
				INFOPLIST_KEY_UISupportedInterfaceOrientations_iPhone = "UIInterfaceOrientationPortrait UIInterfaceOrientationLandscapeLeft UIInterfaceOrientationLandscapeRight";
				LD_RUNPATH_SEARCH_PATHS = (
					"$(inherited)",
					"@executable_path/Frameworks",
				);
				MARKETING_VERSION = 1.0;
				PRODUCT_BUNDLE_IDENTIFIER = ru.swiftbook.TeamApp;
				PRODUCT_NAME = "$(TARGET_NAME)";
				SWIFT_EMIT_LOC_STRINGS = YES;
				SWIFT_VERSION = 5.0;
				TARGETED_DEVICE_FAMILY = "1,2";
			};
			name = Debug;
		};
		847248BC27884C0200E25884 /* Release */ = {
			isa = XCBuildConfiguration;
			buildSettings = {
				ASSETCATALOG_COMPILER_APPICON_NAME = AppIcon;
				ASSETCATALOG_COMPILER_GLOBAL_ACCENT_COLOR_NAME = AccentColor;
				CODE_SIGN_STYLE = Automatic;
				CURRENT_PROJECT_VERSION = 1;
				GENERATE_INFOPLIST_FILE = YES;
				INFOPLIST_FILE = TeamApp/SupportFiles/Info.plist;
				INFOPLIST_KEY_UIApplicationSupportsIndirectInputEvents = YES;
				INFOPLIST_KEY_UILaunchStoryboardName = LaunchScreen;
				INFOPLIST_KEY_UIMainStoryboardFile = Main;
				INFOPLIST_KEY_UISupportedInterfaceOrientations_iPad = "UIInterfaceOrientationPortrait UIInterfaceOrientationPortraitUpsideDown UIInterfaceOrientationLandscapeLeft UIInterfaceOrientationLandscapeRight";
				INFOPLIST_KEY_UISupportedInterfaceOrientations_iPhone = "UIInterfaceOrientationPortrait UIInterfaceOrientationLandscapeLeft UIInterfaceOrientationLandscapeRight";
				LD_RUNPATH_SEARCH_PATHS = (
					"$(inherited)",
					"@executable_path/Frameworks",
				);
				MARKETING_VERSION = 1.0;
				PRODUCT_BUNDLE_IDENTIFIER = ru.swiftbook.TeamApp;
				PRODUCT_NAME = "$(TARGET_NAME)";
				SWIFT_EMIT_LOC_STRINGS = YES;
				SWIFT_VERSION = 5.0;
				TARGETED_DEVICE_FAMILY = "1,2";
			};
			name = Release;
		};
/* End XCBuildConfiguration section */

/* Begin XCConfigurationList section */
		847248A127884BFD00E25884 /* Build configuration list for PBXProject "TeamApp" */ = {
			isa = XCConfigurationList;
			buildConfigurations = (
				847248B827884C0200E25884 /* Debug */,
				847248B927884C0200E25884 /* Release */,
			);
			defaultConfigurationIsVisible = 0;
			defaultConfigurationName = Release;
		};
		847248BA27884C0200E25884 /* Build configuration list for PBXNativeTarget "TeamApp" */ = {
			isa = XCConfigurationList;
			buildConfigurations = (
				847248BB27884C0200E25884 /* Debug */,
				847248BC27884C0200E25884 /* Release */,
			);
			defaultConfigurationIsVisible = 0;
			defaultConfigurationName = Release;
		};
/* End XCConfigurationList section */
	};
	rootObject = 8472489E27884BFD00E25884 /* Project object */;
}
